
Microsoft Visual Studio Solution File, Format Version 12.00
# Visual Studio Version 17
VisualStudioVersion = 17.13.35825.156 d17.13
MinimumVisualStudioVersion = 10.0.40219.1
Project("{FAE04EC0-301F-11D3-BF4B-00C04F79EFBC}") = "CalculatorLibrary", "CalculatorLibrary\CalculatorLibrary.csproj", "{18350EC4-63AA-4EBA-9B9F-270342C5EF6C}"
EndProject
Project("{FAE04EC0-301F-11D3-BF4B-00C04F79EFBC}") = "CalculatorClient", "CalculatorClient\CalculatorClient.csproj", "{C52552A6-DAA9-419F-A9E9-8022ABF5EE65}"
EndProject
Global
	GlobalSection(SolutionConfigurationPlatforms) = preSolution
		Debug|Any CPU = Debug|Any CPU
		Release|Any CPU = Release|Any CPU
	EndGlobalSection
	GlobalSection(ProjectConfigurationPlatforms) = postSolution
		{18350EC4-63AA-4EBA-9B9F-270342C5EF6C}.Debug|Any CPU.ActiveCfg = Debug|Any CPU
		{18350EC4-63AA-4EBA-9B9F-270342C5EF6C}.Debug|Any CPU.Build.0 = Debug|Any CPU
		{18350EC4-63AA-4EBA-9B9F-270342C5EF6C}.Release|Any CPU.ActiveCfg = Release|Any CPU
		{18350EC4-63AA-4EBA-9B9F-270342C5EF6C}.Release|Any CPU.Build.0 = Release|Any CPU
		{C52552A6-DAA9-419F-A9E9-8022ABF5EE65}.Debug|Any CPU.ActiveCfg = Debug|Any CPU
		{C52552A6-DAA9-419F-A9E9-8022ABF5EE65}.Debug|Any CPU.Build.0 = Debug|Any CPU
		{C52552A6-DAA9-419F-A9E9-8022ABF5EE65}.Release|Any CPU.ActiveCfg = Release|Any CPU
		{C52552A6-DAA9-419F-A9E9-8022ABF5EE65}.Release|Any CPU.Build.0 = Release|Any CPU
	EndGlobalSection
	GlobalSection(SolutionProperties) = preSolution
		HideSolutionNode = FALSE
	EndGlobalSection
	GlobalSection(ExtensibilityGlobals) = postSolution
		SolutionGuid = {F72031C4-A8FF-4DBC-9A9E-D413317A5C98}
	EndGlobalSection
EndGlobal
