
Microsoft Visual Studio Solution File, Format Version 12.00
# Visual Studio Version 17
VisualStudioVersion = 17.13.35825.156
MinimumVisualStudioVersion = 10.0.40219.1
Project("{FAE04EC0-301F-11D3-BF4B-00C04F79EFBC}") = "PayrollApp.Entities", "PayrollApp_Entities\PayrollApp.Entities.csproj", "{DCA0E3A5-04C2-4000-ACCE-E6A79431155D}"
EndProject
Project("{FAE04EC0-301F-11D3-BF4B-00C04F79EFBC}") = "PayrollApp.UserInterface", "PayrollApp.UserInterface\PayrollApp.UserInterface.csproj", "{1A94AE10-66B2-46B6-B0A6-7CB38B513B1E}"
	ProjectSection(ProjectDependencies) = postProject
		{DCA0E3A5-04C2-4000-ACCE-E6A79431155D} = {DCA0E3A5-04C2-4000-ACCE-E6A79431155D}
	EndProjectSection
EndProject
Global
	GlobalSection(SolutionConfigurationPlatforms) = preSolution
		Debug|Any CPU = Debug|Any CPU
		Release|Any CPU = Release|Any CPU
	EndGlobalSection
	GlobalSection(ProjectConfigurationPlatforms) = postSolution
		{DCA0E3A5-04C2-4000-ACCE-E6A79431155D}.Debug|Any CPU.ActiveCfg = Debug|Any CPU
		{DCA0E3A5-04C2-4000-ACCE-E6A79431155D}.Debug|Any CPU.Build.0 = Debug|Any CPU
		{DCA0E3A5-04C2-4000-ACCE-E6A79431155D}.Release|Any CPU.ActiveCfg = Release|Any CPU
		{DCA0E3A5-04C2-4000-ACCE-E6A79431155D}.Release|Any CPU.Build.0 = Release|Any CPU
		{1A94AE10-66B2-46B6-B0A6-7CB38B513B1E}.Debug|Any CPU.ActiveCfg = Debug|Any CPU
		{1A94AE10-66B2-46B6-B0A6-7CB38B513B1E}.Debug|Any CPU.Build.0 = Debug|Any CPU
		{1A94AE10-66B2-46B6-B0A6-7CB38B513B1E}.Release|Any CPU.ActiveCfg = Release|Any CPU
		{1A94AE10-66B2-46B6-B0A6-7CB38B513B1E}.Release|Any CPU.Build.0 = Release|Any CPU
	EndGlobalSection
	GlobalSection(SolutionProperties) = preSolution
		HideSolutionNode = FALSE
	EndGlobalSection
	GlobalSection(ExtensibilityGlobals) = postSolution
		SolutionGuid = {D4DBA4C9-6EBE-4925-8809-AB4760D8696B}
	EndGlobalSection
EndGlobal
